
Microsoft Visual Studio Solution File, Format Version 12.00
# Visual Studio Version 17
VisualStudioVersion = 17.3.32825.248
MinimumVisualStudioVersion = 10.0.40219.1
Project("{FAE04EC0-301F-11D3-BF4B-00C04F79EFBC}") = "Unit2Lab1RoomCalculator", "Unit2Lab1RoomCalculator\Unit2Lab1RoomCalculator.csproj", "{5D5CE32A-DD4B-4C42-AA9D-6715037DAD39}"
EndProject
Global
	GlobalSection(SolutionConfigurationPlatforms) = preSolution
		Debug|Any CPU = Debug|Any CPU
		Release|Any CPU = Release|Any CPU
	EndGlobalSection
	GlobalSection(ProjectConfigurationPlatforms) = postSolution
		{5D5CE32A-DD4B-4C42-AA9D-6715037DAD39}.Debug|Any CPU.ActiveCfg = Debug|Any CPU
		{5D5CE32A-DD4B-4C42-AA9D-6715037DAD39}.Debug|Any CPU.Build.0 = Debug|Any CPU
		{5D5CE32A-DD4B-4C42-AA9D-6715037DAD39}.Release|Any CPU.ActiveCfg = Release|Any CPU
		{5D5CE32A-DD4B-4C42-AA9D-6715037DAD39}.Release|Any CPU.Build.0 = Release|Any CPU
	EndGlobalSection
	GlobalSection(SolutionProperties) = preSolution
		HideSolutionNode = FALSE
	EndGlobalSection
	GlobalSection(ExtensibilityGlobals) = postSolution
		SolutionGuid = {ED2D7602-DDB8-45BB-BBC5-5C0584EEC9BE}
	EndGlobalSection
EndGlobal
